
Microsoft Visual Studio Solution File, Format Version 12.00
# Visual Studio Version 16
VisualStudioVersion = 16.0.30128.74
MinimumVisualStudioVersion = 10.0.40219.1
Project("{FAE04EC0-301F-11D3-BF4B-00C04F79EFBC}") = "LeetCode", "LeetCode.csproj", "{7071F0FD-EFC4-4FE8-8DB6-F4C1779360A8}"
EndProject
Global
	GlobalSection(SolutionConfigurationPlatforms) = preSolution
		Debug|Any CPU = Debug|Any CPU
		Release|Any CPU = Release|Any CPU
	EndGlobalSection
	GlobalSection(ProjectConfigurationPlatforms) = postSolution
		{7071F0FD-EFC4-4FE8-8DB6-F4C1779360A8}.Debug|Any CPU.ActiveCfg = Debug|Any CPU
		{7071F0FD-EFC4-4FE8-8DB6-F4C1779360A8}.Debug|Any CPU.Build.0 = Debug|Any CPU
		{7071F0FD-EFC4-4FE8-8DB6-F4C1779360A8}.Release|Any CPU.ActiveCfg = Release|Any CPU
		{7071F0FD-EFC4-4FE8-8DB6-F4C1779360A8}.Release|Any CPU.Build.0 = Release|Any CPU
	EndGlobalSection
	GlobalSection(SolutionProperties) = preSolution
		HideSolutionNode = FALSE
	EndGlobalSection
	GlobalSection(ExtensibilityGlobals) = postSolution
		SolutionGuid = {EEF89B31-5814-4734-8A96-A36C64CA9266}
	EndGlobalSection
EndGlobal
